{"SurveyEntry":{"SurveyID":"SV_9Zky5mLCGk0koaq","SurveyName":"EX Candidate Experience Applicant DataIRL Temp","SurveyDescription":null,"SurveyOwnerID":"UR_3atGaT88lGP4wTQ","SurveyBrandID":"tamearlyaccess","DivisionID":null,"SurveyLanguage":"EN","SurveyActiveResponseSet":"RS_bPYB7gI6bXCvy3Y","SurveyStatus":"Inactive","SurveyStartDate":"0000-00-00 00:00:00","SurveyExpirationDate":"0000-00-00 00:00:00","SurveyCreationDate":"2023-04-05 08:18:21","CreatorID":"UR_3atGaT88lGP4wTQ","LastModified":"2023-04-25 10:12:39","LastAccessed":"0000-00-00 00:00:00","LastActivated":"0000-00-00 00:00:00","Deleted":null},"SurveyElements":[{"SurveyID":"SV_9Zky5mLCGk0koaq","Element":"BL","PrimaryAttribute":"Survey Blocks","SecondaryAttribute":null,"TertiaryAttribute":null,"Payload":{"1":{"Type":"Trash","Description":"Trash \/ Unused Questions","ID":"BL_bl9O1V3f7jKzDkG","BlockElements":[{"Type":"Question","QuestionID":"QID1"},{"Type":"Question","QuestionID":"QID1213989838"},{"Type":"Question","QuestionID":"QID1213989839"},{"Type":"Question","QuestionID":"QID1213989840"},{"Type":"Question","QuestionID":"QID1213989841"},{"Type":"Question","QuestionID":"QID1213989842"},{"Type":"Question","QuestionID":"QID1213989843"},{"Type":"Question","QuestionID":"QID1213989844"},{"Type":"Question","QuestionID":"QID1213989845"},{"Type":"Question","QuestionID":"QID1213989846"},{"Type":"Question","QuestionID":"QID1213989847"},{"Type":"Question","QuestionID":"QID1213989848"},{"Type":"Question","QuestionID":"QID1213989849"},{"Type":"Question","QuestionID":"QID1213989829"}]},"2":{"Type":"Standard","SubType":"","Description":"Block 1","ID":"BL_3WTCJax8UL4jjKe","BlockElements":[{"Type":"Question","QuestionID":"QID2"},{"Type":"Question","QuestionID":"QID3"},{"Type":"Question","QuestionID":"QID4"},{"Type":"Question","QuestionID":"QID1213989827"},{"Type":"Question","QuestionID":"QID1213989828"},{"Type":"Question","QuestionID":"QID1213989830"},{"Type":"Question","QuestionID":"QID1213989832"},{"Type":"Question","QuestionID":"QID1213989833"},{"Type":"Question","QuestionID":"QID1213989834"},{"Type":"Question","QuestionID":"QID1213989835"},{"Type":"Question","QuestionID":"QID1213989836"},{"Type":"Question","QuestionID":"QID1213989831"},{"Type":"Question","QuestionID":"QID1213989837"}]}}},{"SurveyID":"SV_9Zky5mLCGk0koaq","Element":"FL","PrimaryAttribute":"Survey Flow","SecondaryAttribute":null,"TertiaryAttribute":null,"Payload":{"Type":"Root","FlowID":"FL_1","Flow":[{"Type":"EmbeddedData","FlowID":"FL_7","EmbeddedData":[{"Description":"canAppNum","Type":"Custom","Field":"canAppNum","VariableType":"String","DataVisibility":[],"AnalyzeText":false,"Value":"CID${rand:\/\/int\/10000:100000}"},{"Description":"canJobListID","Type":"Custom","Field":"canJobListID","VariableType":"String","DataVisibility":[],"AnalyzeText":false,"Value":"JID${rand:\/\/int\/1000:10000}"}]},{"Type":"BlockRandomizer","FlowID":"FL_9","SubSet":1,"Flow":[{"Type":"EmbeddedData","FlowID":"FL_10","EmbeddedData":[{"Description":"roleCat","Type":"Custom","Field":"roleCat","VariableType":"String","DataVisibility":[],"AnalyzeText":false,"Value":"Engineering"}]},{"Type":"EmbeddedData","FlowID":"FL_11","EmbeddedData":[{"Description":"roleCat","Type":"Custom","Field":"roleCat","VariableType":"String","DataVisibility":[],"AnalyzeText":false,"Value":"HR"}]},{"Type":"EmbeddedData","FlowID":"FL_13","EmbeddedData":[{"Description":"roleCat","Type":"Custom","Field":"roleCat","VariableType":"String","DataVisibility":[],"AnalyzeText":false,"Value":"Talent Acquisition"}]},{"Type":"EmbeddedData","FlowID":"FL_14","EmbeddedData":[{"Description":"roleCat","Type":"Custom","Field":"roleCat","VariableType":"String","DataVisibility":[],"AnalyzeText":false,"Value":"Sales"}]},{"Type":"EmbeddedData","FlowID":"FL_15","EmbeddedData":[{"Description":"roleCat","Type":"Custom","Field":"roleCat","VariableType":"String","DataVisibility":[],"AnalyzeText":false,"Value":"Management"}]},{"Type":"EmbeddedData","FlowID":"FL_16","EmbeddedData":[{"Description":"roleCat","Type":"Custom","Field":"roleCat","VariableType":"String","DataVisibility":[],"AnalyzeText":false,"Value":"Marketing"}]}]},{"Type":"Standard","ID":"BL_3WTCJax8UL4jjKe","FlowID":"FL_3","Autofill":[]}],"Properties":{"Count":16,"RemovedFieldsets":[]}}},{"SurveyID":"SV_9Zky5mLCGk0koaq","Element":"PL","PrimaryAttribute":"Preview Link","SecondaryAttribute":null,"TertiaryAttribute":null,"Payload":{"PreviewType":"Brand","PreviewID":"fe460b40-00a9-4f49-bc22-5b856e6862ba"}},{"SurveyID":"SV_9Zky5mLCGk0koaq","Element":"SO","PrimaryAttribute":"Survey Options","SecondaryAttribute":null,"TertiaryAttribute":null,"Payload":{"BackButton":"false","SaveAndContinue":"true","SurveyProtection":"PublicSurvey","BallotBoxStuffingPrevention":"false","NoIndex":"Yes","SecureResponseFiles":"true","SurveyExpiration":"None","SurveyTermination":"DefaultMessage","Header":"","Footer":"","ProgressBarDisplay":"None","PartialData":"+1 week","ValidationMessage":"","PreviousButton":"","NextButton":"","SurveyTitle":"Qualtrics Survey | Qualtrics Experience Management","SkinLibrary":"tamearlyaccess","SkinType":"component","Skin":{"brandingId":"5842725300","templateId":"*simple","overrides":null},"NewScoring":1,"SurveyMetaDescription":"The most powerful, simple and trusted way to gather experience data. Start your journey to experience management and try a free account today.","SurveyName":"EX Candidate Experience Applicant DataIRL Temp"}},{"SurveyID":"SV_9Zky5mLCGk0koaq","Element":"SCO","PrimaryAttribute":"Scoring","SecondaryAttribute":null,"TertiaryAttribute":null,"Payload":{"ScoringCategories":[],"ScoringCategoryGroups":[],"ScoringSummaryCategory":null,"ScoringSummaryAfterQuestions":0,"ScoringSummaryAfterSurvey":0,"DefaultScoringCategory":null,"AutoScoringCategory":null}},{"SurveyID":"SV_9Zky5mLCGk0koaq","Element":"PROJ","PrimaryAttribute":"CORE","SecondaryAttribute":null,"TertiaryAttribute":"1.1.0","Payload":{"ProjectCategory":"CORE","SchemaVersion":"1.1.0"}},{"SurveyID":"SV_9Zky5mLCGk0koaq","Element":"STAT","PrimaryAttribute":"Survey Statistics","SecondaryAttribute":null,"TertiaryAttribute":null,"Payload":{"MobileCompatible":true,"ID":"Survey Statistics"}},{"SurveyID":"SV_9Zky5mLCGk0koaq","Element":"QC","PrimaryAttribute":"Survey Question Count","SecondaryAttribute":"27","TertiaryAttribute":null,"Payload":null},{"SurveyID":"SV_9Zky5mLCGk0koaq","Element":"SQ","PrimaryAttribute":"QID2","SecondaryAttribute":"Choose one or more races that you consider yourself to be","TertiaryAttribute":null,"Payload":{"ChoiceOrder":[1,2,3,4,5,6,7],"Choices":{"1":{"Display":"White or Caucasian"},"2":{"Display":"Black or African American"},"3":{"Display":"American Indian\/Native American or Alaska Native"},"4":{"Display":"Asian"},"5":{"Display":"Native Hawaiian or Other Pacific Islander"},"6":{"Display":"Other"},"7":{"Display":"Prefer not to say"}},"Configuration":{"QuestionDescriptionOption":"UseText"},"DataExportTag":"Q1","DataVisibility":{"Hidden":false,"Private":false},"DefaultChoices":false,"Language":{"DE":{"Choices":{"1":{"Display":"Wei\u00df oder kaukasisch"},"2":{"Display":"Afroamerikanisch"},"3":{"Display":"Ureinwohner Amerikas oder Alaskas"},"4":{"Display":"Asiatisch"},"5":{"Display":"Ureinwohner von Hawaii oder den anderen Pazifikinseln"},"6":{"Display":"Sonstiges"},"7":{"Display":"Keine Angabe"}},"QuestionText":"W\u00e4hlen Sie eine oder mehrere ethnische Gruppen aus, zu denen Sie sich z\u00e4hlen"},"EN-GB":{"Choices":{"1":{"Display":"White or Caucasian"},"2":{"Display":"Black or African American"},"3":{"Display":"American Indian\/Native American or Alaska Native"},"4":{"Display":"Asian"},"5":{"Display":"Native Hawaiian or Other Pacific Islander"},"6":{"Display":"Other"},"7":{"Display":"Prefer not to say"}},"QuestionText":"Choose one or more races that you consider yourself to be"},"ES":{"Choices":{"1":{"Display":"Blanco o cauc\u00e1sico"},"2":{"Display":"Negra o afroamericana"},"3":{"Display":"Indio americano\/Nativo americano\/Nativo de Alaska"},"4":{"Display":"Asi\u00e1tico"},"5":{"Display":"Nativo de Haw\u00e1i o de otras islas del Pac\u00edfico"},"6":{"Display":"Otro"},"7":{"Display":"Prefiero no decirlo"}},"QuestionText":"Elija una o m\u00e1s razas a la que cree pertenecer"},"ES-ES":{"Choices":{"1":{"Display":"Blanco o cauc\u00e1sico"},"2":{"Display":"Negro o afroamericano"},"3":{"Display":"Indio americano\/americano nativo o nativo de Alaska"},"4":{"Display":"Asi\u00e1tico\/a"},"5":{"Display":"Nativo de Haw\u00e1i o de otras islas del Pac\u00edfico"},"6":{"Display":"Otros"},"7":{"Display":"Prefiero no decirlo"}},"QuestionText":"Seleccione una o m\u00e1s razas con las que se identifique:"},"FR":{"Choices":{"1":{"Display":"Blanc ou caucasien"},"2":{"Display":"Noir(e) ou Afro-Am\u00e9ricain(e)"},"3":{"Display":"Am\u00e9rindien\/Natif am\u00e9ricain ou natif d'Alaska"},"4":{"Display":"Asiatique"},"5":{"Display":"Natif(ve) d'Hawa\u00ef ou des \u00eeles du Pacifique"},"6":{"Display":"Autre"},"7":{"Display":"Ne souhaite pas r\u00e9pondre"}},"QuestionText":"Indiquez les origines ethniques auxquelles vous consid\u00e9rez que vous appartenez (plusieurs r\u00e9ponses possibles)"},"IT":{"Choices":{"1":{"Display":"Bianco\/a o caucasico\/a"},"2":{"Display":"Nero o Afroamericano"},"3":{"Display":"Nativo\/a indiano d\u2019America\/nativo americano\/a o nativo\/a dell'Alaska"},"4":{"Display":"Asiatico"},"5":{"Display":"Nativo\/a hawaiano\/a o isolano\/a del Pacifico"},"6":{"Display":"Altro"},"7":{"Display":"Preferisco non dirlo"}},"QuestionText":"Scegli una o pi\u00f9 etnie a cui ritieni di appartenere"},"JA":{"Choices":{"1":{"Display":"\u767d\u4eba"},"2":{"Display":"\u9ed2\u4eba\u307e\u305f\u306f\u30a2\u30d5\u30ea\u30ab\u7cfb\u30a2\u30e1\u30ea\u30ab\u4eba"},"3":{"Display":"\u30a2\u30e1\u30ea\u30ab\u5148\u4f4f\u6c11\u307e\u305f\u306f\u30a2\u30e9\u30b9\u30ab\u5148\u4f4f\u6c11"},"4":{"Display":"\u30a2\u30b8\u30a2\u4eba"},"5":{"Display":"\u30cf\u30ef\u30a4\u5148\u4f4f\u6c11\u307e\u305f\u306f\u305d\u306e\u4ed6\u306e\u592a\u5e73\u6d0b\u8af8\u5cf6\u306e\u4f4f\u6c11"},"6":{"Display":"\u305d\u306e\u4ed6"},"7":{"Display":"\u56de\u7b54\u3057\u305f\u304f\u306a\u3044"}},"QuestionText":"\u3054\u81ea\u8eab\u306e\u30eb\u30fc\u30c4\u3068\u601d\u308f\u308c\u308b\u4eba\u7a2e\u30921\u3064\u4ee5\u4e0a\u9078\u629e\u3057\u3066\u304f\u3060\u3055\u3044\u3002"},"KO":{"Choices":{"1":{"Display":"\ubc31\uc778"},"2":{"Display":"\ud751\uc778 \ub610\ub294 \uc544\ud504\ub9ac\uce74\uacc4 \ubbf8\uad6d\uc778"},"3":{"Display":"\uc544\uba54\ub9ac\uce74 \uc778\ub514\uc5b8\/\uc544\uba54\ub9ac\uce74 \uc6d0\uc8fc\ubbfc \ub610\ub294 \uc54c\ub798\uc2a4\uce74 \uc6d0\uc8fc\ubbfc"},"4":{"Display":"\uc544\uc2dc\uc544\uc778"},"5":{"Display":"\ud558\uc640\uc774 \uc6d0\uc8fc\ubbfc \ub610\ub294 \uae30\ud0c0 \ud0dc\ud3c9\uc591\uc758 \uc12c \uc8fc\ubbfc"},"6":{"Display":"\uae30\ud0c0"},"7":{"Display":"\uc5b8\uae09 \uc548 \ud568"}},"QuestionText":"\ubcf8\uc778\uc774 \ud574\ub2f9\ub41c\ub2e4\uace0 \uc0dd\uac01\ud558\ub294 \uc778\uc885\uc744 \ud558\ub098 \uc774\uc0c1 \uc120\ud0dd\ud558\uc2ed\uc2dc\uc624."},"NL":{"Choices":{"1":{"Display":"Blank"},"2":{"Display":"Zwart of Afro-Amerikaans"},"3":{"Display":"Amerikaans Indiaans\/native Amerikaans of afkomstig uit Alaska"},"4":{"Display":"Aziatisch"},"5":{"Display":"Geboren op Hawa\u00ef of een ander eiland in de Stille Oceaan"},"6":{"Display":"Anders"},"7":{"Display":"Ik antwoord liever niet"}},"QuestionText":"Kies een of meerdere rassen waartoe u volgens uzelf behoort"},"PT-BR":{"Choices":{"1":{"Display":"Branco ou caucasiano"},"2":{"Display":"Negro ou afro-americano"},"3":{"Display":"Amer\u00edndio\/Nativo americano ou nativo do Alasca"},"4":{"Display":"Asi\u00e1tico"},"5":{"Display":"Nativo do Hava\u00ed ou de outra ilha do Pac\u00edfico"},"6":{"Display":"Outro"},"7":{"Display":"Prefiro n\u00e3o dizer"}},"QuestionText":"Escolha uma ou mais ra\u00e7as com as quais voc\u00ea se identifica"},"ZH-S":{"Choices":{"1":{"Display":"\u767d\u4eba\u6216\u9ad8\u52a0\u7d22\u4eba"},"2":{"Display":"\u9ed1\u4eba\u6216\u975e\u6d32\u88d4\u7f8e\u56fd\u4eba"},"3":{"Display":"\u7f8e\u6d32\u5370\u7b2c\u5b89\u4eba\/\u5370\u7b2c\u5b89\u4eba\u6216\u963f\u62c9\u65af\u52a0\u539f\u4f4f\u6c11"},"4":{"Display":"\u4e9a\u88d4"},"5":{"Display":"\u590f\u5a01\u5937\u571f\u8457\u6216\u5176\u4ed6\u592a\u5e73\u6d0b\u5c9b\u6c11"},"6":{"Display":"\u5176\u4ed6"},"7":{"Display":"\u4fdd\u5bc6"}},"QuestionText":"\u9009\u62e9\u60a8\u8ba4\u4e3a\u81ea\u5df1\u6240\u5c5e\u7684\u4e00\u4e2a\u6216\u591a\u4e2a\u79cd\u65cf"},"ZH-T":{"Choices":{"1":{"Display":"\u767d\u4eba\u6216\u9ad8\u52a0\u7d22\u4eba"},"2":{"Display":"\u9ed1\u4eba\u6216\u975e\u6d32\u88d4\u7f8e\u570b\u4eba"},"3":{"Display":"\u7f8e\u6d32\u5370\u5730\u5b89\u4eba\/\u7f8e\u570b\u6216\u963f\u62c9\u65af\u52a0\u539f\u4f4f\u6c11"},"4":{"Display":"\u4e9e\u6d32\u4eba"},"5":{"Display":"\u590f\u5a01\u5937\u539f\u4f4f\u6c11\u6216\u592a\u5e73\u6d0b\u8af8\u5cf6\u4f4f\u6c11"},"6":{"Display":"\u5176\u4ed6"},"7":{"Display":"\u4e0d\u9858\u900f\u9732"}},"QuestionText":"\u9078\u64c7\u60a8\u8a8d\u70ba\u81ea\u5df1\u5c6c\u65bc\u7684\u4e00\u6216\u591a\u500b\u7a2e\u65cf"}},"NextAnswerId":1,"NextChoiceId":8,"QuestionDescription":"Choose one or more races that you consider yourself to be","QuestionID":"QID2","QuestionText":"Choose one or more races that you consider yourself to be","QuestionText_Unsafe":"Choose one or more races that you consider yourself to be","QuestionType":"MC","ReferenceQuestionConfig":{"instanceOf":{"id":"RQ_xvqnQ9VTmsxnvtM","version":"v2.0.0"}},"SchemaConfig":{"ChoiceMapping":{"1":"enu:\/\/White","2":"enu:\/\/Black","3":"enu:\/\/AmericanIndian","4":"enu:\/\/Asian","5":"enu:\/\/Hawaiian","6":"enu:\/\/Other","7":"enu:\/\/PreferNotToSay"},"ChoiceMappingType":"Member","ConfigVersion":"1.0.0","Reconfirm":true,"URL":"ses:\/\/USRace","XMDConnect":true},"Selector":"MAVR","SubSelector":"TX","Validation":{"Settings":{"ForceResponse":"OFF","Type":"None"}}}},{"SurveyID":"SV_9Zky5mLCGk0koaq","Element":"SQ","PrimaryAttribute":"QID1213989846","SecondaryAttribute":"Communication from my recruiter was timely during this stage of the process.","TertiaryAttribute":null,"Payload":{"QuestionText":"Communication from my recruiter was timely during this stage of the process.","QuestionType":"MC","Selector":"SAHR","SubSelector":"TX","DataVisibility":{"Private":false,"Hidden":false},"Configuration":{"QuestionDescriptionOption":"UseText","LabelPosition":"BELOW"},"QuestionDescription":"Communication from my recruiter was timely during this stage of the process.","Choices":{"1":{"Display":"Strongly disagree"},"2":{"Display":"Disagree"},"3":{"Display":"Neither agree nor disagree"},"4":{"Display":"Agree"},"5":{"Display":"Strongly agree"}},"ChoiceOrder":[1,2,3,4,5],"Validation":{"Settings":{"ForceResponse":"OFF","ForceResponseType":"ON","Type":"None"}},"GradingData":[],"Language":[],"NextChoiceId":6,"NextAnswerId":1,"QuestionText_Unsafe":"Communication from my recruiter was timely during this stage of the process.","DataExportTag":"Q9","QuestionID":"QID1213989846"}},{"SurveyID":"SV_9Zky5mLCGk0koaq","Element":"RS","PrimaryAttribute":"RS_bPYB7gI6bXCvy3Y","SecondaryAttribute":"Default Response Set","TertiaryAttribute":null,"Payload":null},{"SurveyID":"SV_9Zky5mLCGk0koaq","Element":"SQ","PrimaryAttribute":"QID1213989827","SecondaryAttribute":"I found a role that I am seriously considering applying for.","TertiaryAttribute":null,"Payload":{"QuestionText":"I found a role that I am seriously considering applying for.","DefaultChoices":false,"QuestionType":"MC","Selector":"SAVR","SubSelector":"TX","DataVisibility":{"Private":false,"Hidden":false},"Configuration":{"QuestionDescriptionOption":"UseText","LabelPosition":"BELOW"},"QuestionDescription":"I found a role that I am seriously considering applying for.","Choices":{"6":{"Display":"Strongly disagree"},"7":{"Display":"Disagree"},"8":{"Display":"Neither agree nor disagree"},"9":{"Display":"Agree"},"10":{"Display":"Strongly agree"}},"ChoiceOrder":["6","7","8","9","10"],"Validation":{"Settings":{"ForceResponse":"OFF","ForceResponseType":"ON","Type":"None"}},"GradingData":[],"Language":[],"NextChoiceId":26,"NextAnswerId":4,"QuestionText_Unsafe":"I found a role that I am seriously considering applying for.","DataExportTag":"Q4","QuestionID":"QID1213989827"}},{"SurveyID":"SV_9Zky5mLCGk0koaq","Element":"SQ","PrimaryAttribute":"QID1213989828","SecondaryAttribute":"I found the information that I was looking for.","TertiaryAttribute":null,"Payload":{"QuestionText":"<div>I found the information that I was looking for.<\/div>","DefaultChoices":false,"QuestionType":"MC","Selector":"SAVR","SubSelector":"TX","DataVisibility":{"Private":false,"Hidden":false},"Configuration":{"QuestionDescriptionOption":"UseText","LabelPosition":"BELOW"},"QuestionDescription":"I found the information that I was looking for.","Choices":{"6":{"Display":"Strongly disagree"},"7":{"Display":"Disagree"},"8":{"Display":"Neither agree nor disagree"},"9":{"Display":"Agree"},"10":{"Display":"Strongly agree"}},"ChoiceOrder":["6","7","8","9","10"],"Validation":{"Settings":{"ForceResponse":"OFF","ForceResponseType":"ON","Type":"None"}},"GradingData":[],"Language":[],"NextChoiceId":26,"NextAnswerId":4,"QuestionText_Unsafe":"<div>I found the information that I was looking for.<\/div>","DataExportTag":"Q5","QuestionID":"QID1213989828"}},{"SurveyID":"SV_9Zky5mLCGk0koaq","Element":"SQ","PrimaryAttribute":"QID1213989845","SecondaryAttribute":"I have been treated with respect throughout the recruitment process.","TertiaryAttribute":null,"Payload":{"QuestionText":"I have been treated with respect throughout the recruitment process.","QuestionType":"MC","Selector":"SAHR","SubSelector":"TX","DataVisibility":{"Private":false,"Hidden":false},"Configuration":{"QuestionDescriptionOption":"UseText","LabelPosition":"BELOW"},"QuestionDescription":"I have been treated with respect throughout the recruitment process.","Choices":{"1":{"Display":"Strongly disagree"},"2":{"Display":"Disagree"},"3":{"Display":"Neither agree nor disagree"},"4":{"Display":"Agree"},"5":{"Display":"Strongly agree"}},"ChoiceOrder":[1,2,3,4,5],"Validation":{"Settings":{"ForceResponse":"OFF","ForceResponseType":"ON","Type":"None"}},"GradingData":[],"Language":[],"NextChoiceId":6,"NextAnswerId":1,"QuestionText_Unsafe":"I have been treated with respect throughout the recruitment process.","DataExportTag":"Q8","QuestionID":"QID1213989845"}},{"SurveyID":"SV_9Zky5mLCGk0koaq","Element":"SQ","PrimaryAttribute":"QID1213989840","SecondaryAttribute":"I have enough clarity about the role after this stage of the process.","TertiaryAttribute":null,"Payload":{"QuestionText":"I have enough clarity about the role after this stage of the process.","QuestionType":"MC","Selector":"SAHR","SubSelector":"TX","DataVisibility":{"Private":false,"Hidden":false},"Configuration":{"QuestionDescriptionOption":"UseText","LabelPosition":"BELOW"},"QuestionDescription":"I have enough clarity about the role after this stage of the process.","Choices":{"1":{"Display":"Strongly disagree"},"2":{"Display":"Disagree"},"3":{"Display":"Neither agree nor disagree"},"4":{"Display":"Agree"},"5":{"Display":"Strongly agree"}},"ChoiceOrder":[1,2,3,4,5],"Validation":{"Settings":{"ForceResponse":"OFF","ForceResponseType":"ON","Type":"None"}},"GradingData":[],"Language":[],"NextChoiceId":6,"NextAnswerId":1,"QuestionText_Unsafe":"I have enough clarity about the role after this stage of the process.","DataExportTag":"Q3","QuestionID":"QID1213989840"}},{"SurveyID":"SV_9Zky5mLCGk0koaq","Element":"SQ","PrimaryAttribute":"QID1213989841","SecondaryAttribute":"I have enough clarity about the team after this stage of the process.","TertiaryAttribute":null,"Payload":{"QuestionText":"I have enough clarity about the team after this stage of the process.","QuestionType":"MC","Selector":"SAHR","SubSelector":"TX","DataVisibility":{"Private":false,"Hidden":false},"Configuration":{"QuestionDescriptionOption":"UseText","LabelPosition":"BELOW"},"QuestionDescription":"I have enough clarity about the team after this stage of the process.","Choices":{"1":{"Display":"Strongly disagree"},"2":{"Display":"Disagree"},"3":{"Display":"Neither agree nor disagree"},"4":{"Display":"Agree"},"5":{"Display":"Strongly agree"}},"ChoiceOrder":[1,2,3,4,5],"Validation":{"Settings":{"ForceResponse":"OFF","ForceResponseType":"ON","Type":"None"}},"GradingData":[],"Language":[],"NextChoiceId":6,"NextAnswerId":1,"QuestionText_Unsafe":"I have enough clarity about the team after this stage of the process.","DataExportTag":"Q4","QuestionID":"QID1213989841"}},{"SurveyID":"SV_9Zky5mLCGk0koaq","Element":"SQ","PrimaryAttribute":"QID1213989847","SecondaryAttribute":"I received a response to my job application within a reasonable timeframe.","TertiaryAttribute":null,"Payload":{"QuestionText":"I received a response to my job application within a reasonable timeframe.","QuestionType":"MC","Selector":"SAHR","SubSelector":"TX","DataVisibility":{"Private":false,"Hidden":false},"Configuration":{"QuestionDescriptionOption":"UseText","LabelPosition":"BELOW"},"QuestionDescription":"I received a response to my job application within a reasonable timeframe.","Choices":{"1":{"Display":"Strongly disagree"},"2":{"Display":"Disagree"},"3":{"Display":"Neither agree nor disagree"},"4":{"Display":"Agree"},"5":{"Display":"Strongly agree"}},"ChoiceOrder":[1,2,3,4,5],"Validation":{"Settings":{"ForceResponse":"OFF","ForceResponseType":"ON","Type":"None"}},"GradingData":[],"Language":[],"NextChoiceId":6,"NextAnswerId":1,"QuestionText_Unsafe":"I received a response to my job application within a reasonable timeframe.","DataExportTag":"Q10","QuestionID":"QID1213989847"}},{"SurveyID":"SV_9Zky5mLCGk0koaq","Element":"SQ","PrimaryAttribute":"QID1213989844","SecondaryAttribute":"I understand why I was removed from consideration.","TertiaryAttribute":null,"Payload":{"QuestionText":"I understand why I was removed from consideration.","QuestionType":"MC","Selector":"SAHR","SubSelector":"TX","DataVisibility":{"Private":false,"Hidden":false},"Configuration":{"QuestionDescriptionOption":"UseText","LabelPosition":"BELOW"},"QuestionDescription":"I understand why I was removed from consideration.","Choices":{"1":{"Display":"Strongly disagree"},"2":{"Display":"Disagree"},"3":{"Display":"Neither agree nor disagree"},"4":{"Display":"Agree"},"5":{"Display":"Strongly agree"}},"ChoiceOrder":[1,2,3,4,5],"Validation":{"Settings":{"ForceResponse":"OFF","ForceResponseType":"ON","Type":"None"}},"GradingData":[],"Language":[],"NextChoiceId":6,"NextAnswerId":1,"QuestionText_Unsafe":"I understand why I was removed from consideration.","DisplayLogic":{"0":{"0":{"LogicType":"EmbeddedField","LeftOperand":"Moved_to_Interview","Operator":"EqualTo","RightOperand":"No","Type":"Expression","Description":"<span class=\"ConjDesc\">If<\/span>  <span class=\"LeftOpDesc\">Moved_to_Interview<\/span> <span class=\"OpDesc\">Is Equal to<\/span> <span class=\"RightOpDesc\"> No <\/span>"},"Type":"If"},"Type":"BooleanExpression","inPage":false},"DataExportTag":"Q7","QuestionID":"QID1213989844"}},{"SurveyID":"SV_9Zky5mLCGk0koaq","Element":"SQ","PrimaryAttribute":"QID1213989838","SecondaryAttribute":"I would recommend applying at this company to people I know.","TertiaryAttribute":null,"Payload":{"QuestionText":"I would recommend applying at this company to people I know.","QuestionType":"MC","Selector":"SAHR","SubSelector":"TX","DataVisibility":{"Private":false,"Hidden":false},"Configuration":{"QuestionDescriptionOption":"UseText","LabelPosition":"BELOW"},"QuestionDescription":"I would recommend applying at this company to people I know.","Choices":{"1":{"Display":"Strongly disagree"},"2":{"Display":"Disagree"},"3":{"Display":"Neither agree nor disagree"},"4":{"Display":"Agree"},"5":{"Display":"Strongly agree"}},"ChoiceOrder":[1,2,3,4,5],"Validation":{"Settings":{"ForceResponse":"OFF","ForceResponseType":"ON","Type":"None"}},"GradingData":[],"Language":[],"NextChoiceId":6,"NextAnswerId":1,"QuestionText_Unsafe":"I would recommend applying at this company to people I know.","DataExportTag":"Q1","QuestionID":"QID1213989838"}},{"SurveyID":"SV_9Zky5mLCGk0koaq","Element":"SQ","PrimaryAttribute":"QID1213989832","SecondaryAttribute":"I would recommend this company to people I know as a great place to work.","TertiaryAttribute":null,"Payload":{"QuestionText":"I would recommend this company to people I know as a great place to work.","QuestionType":"MC","Selector":"SAVR","SubSelector":"TX","DataVisibility":{"Private":false,"Hidden":false},"Configuration":{"QuestionDescriptionOption":"UseText","LabelPosition":"BELOW"},"QuestionDescription":"I would recommend this company to people I know as a great place to work.","Choices":{"1":{"Display":"Strongly disagree"},"2":{"Display":"Disagree"},"3":{"Display":"Neither agree nor disagree"},"4":{"Display":"Agree"},"5":{"Display":"Strongly agree"}},"ChoiceOrder":[1,2,3,4,5],"Validation":{"Settings":{"ForceResponse":"OFF","ForceResponseType":"ON","Type":"None"}},"GradingData":[],"Language":[],"NextChoiceId":6,"NextAnswerId":1,"QuestionText_Unsafe":"I would recommend this company to people I know as a great place to work.","DataExportTag":"Q7","QuestionID":"QID1213989832"}},{"SurveyID":"SV_9Zky5mLCGk0koaq","Element":"SQ","PrimaryAttribute":"QID1213989834","SecondaryAttribute":"The application enabled me to illustrate my fit with the position.","TertiaryAttribute":null,"Payload":{"QuestionText":"The application enabled me to illustrate my fit with the position.","DefaultChoices":false,"QuestionType":"MC","Selector":"SAVR","SubSelector":"TX","DataVisibility":{"Private":false,"Hidden":false},"Configuration":{"QuestionDescriptionOption":"UseText","LabelPosition":"BELOW"},"QuestionDescription":"The application enabled me to illustrate my fit with the position.","Choices":{"11":{"Display":"Strongly disagree"},"12":{"Display":"Disagree"},"13":{"Display":"Neither agree nor disagree"},"14":{"Display":"Agree"},"15":{"Display":"Strongly agree"}},"ChoiceOrder":["11","12","13","14","15"],"Validation":{"Settings":{"ForceResponse":"OFF","ForceResponseType":"ON","Type":"None"}},"GradingData":[],"Language":[],"NextChoiceId":16,"NextAnswerId":4,"QuestionText_Unsafe":"The application enabled me to illustrate my fit with the position.","DataExportTag":"Q9","QuestionID":"QID1213989834"}},{"SurveyID":"SV_9Zky5mLCGk0koaq","Element":"SQ","PrimaryAttribute":"QID1213989830","SecondaryAttribute":"The career site was easy to navigate.","TertiaryAttribute":null,"Payload":{"QuestionText":"<div>The career site was easy to navigate.<\/div>","DefaultChoices":false,"QuestionType":"MC","Selector":"SAVR","SubSelector":"TX","DataVisibility":{"Private":false,"Hidden":false},"Configuration":{"QuestionDescriptionOption":"UseText","LabelPosition":"BELOW"},"QuestionDescription":"The career site was easy to navigate.","Choices":{"6":{"Display":"Strongly disagree"},"7":{"Display":"Disagree"},"8":{"Display":"Neither agree nor disagree"},"9":{"Display":"Agree"},"10":{"Display":"Strongly agree"}},"ChoiceOrder":["6","7","8","9","10"],"Validation":{"Settings":{"ForceResponse":"OFF","ForceResponseType":"ON","Type":"None"}},"GradingData":[],"Language":[],"NextChoiceId":26,"NextAnswerId":4,"QuestionText_Unsafe":"<div>The career site was easy to navigate.<\/div>","DataExportTag":"Q6","QuestionID":"QID1213989830"}},{"SurveyID":"SV_9Zky5mLCGk0koaq","Element":"SQ","PrimaryAttribute":"QID1213989842","SecondaryAttribute":"The next steps in the recruitment process have been made clear to me.","TertiaryAttribute":null,"Payload":{"QuestionText":"The next steps in the recruitment process have been made clear to me.","QuestionType":"MC","Selector":"SAHR","SubSelector":"TX","DataVisibility":{"Private":false,"Hidden":false},"Configuration":{"QuestionDescriptionOption":"UseText","LabelPosition":"BELOW"},"QuestionDescription":"The next steps in the recruitment process have been made clear to me.","Choices":{"1":{"Display":"Strongly disagree"},"2":{"Display":"Disagree"},"3":{"Display":"Neither agree nor disagree"},"4":{"Display":"Agree"},"5":{"Display":"Strongly agree"}},"ChoiceOrder":[1,2,3,4,5],"Validation":{"Settings":{"ForceResponse":"OFF","ForceResponseType":"ON","Type":"None"}},"GradingData":[],"Language":[],"NextChoiceId":6,"NextAnswerId":1,"QuestionText_Unsafe":"The next steps in the recruitment process have been made clear to me.","DisplayLogic":{"0":{"0":{"LogicType":"EmbeddedField","LeftOperand":"Moved_to_Interview","Operator":"EqualTo","RightOperand":"Yes","Type":"Expression","Description":"<span class=\"ConjDesc\">If<\/span>  <span class=\"LeftOpDesc\">Moved_to_Interview<\/span> <span class=\"OpDesc\">Is Equal to<\/span> <span class=\"RightOpDesc\"> Yes <\/span>"},"Type":"If"},"Type":"BooleanExpression","inPage":false},"DataExportTag":"Q5","QuestionID":"QID1213989842"}},{"SurveyID":"SV_9Zky5mLCGk0koaq","Element":"SQ","PrimaryAttribute":"QID1213989848","SecondaryAttribute":"The phone screening was scheduled in a timely and efficient manner.","TertiaryAttribute":null,"Payload":{"QuestionText":"The phone screening was scheduled in a timely and efficient manner.","QuestionType":"MC","Selector":"SAHR","SubSelector":"TX","DataVisibility":{"Private":false,"Hidden":false},"Configuration":{"QuestionDescriptionOption":"UseText","LabelPosition":"BELOW"},"QuestionDescription":"The phone screening was scheduled in a timely and efficient manner.","Choices":{"1":{"Display":"Strongly disagree"},"2":{"Display":"Disagree"},"3":{"Display":"Neither agree nor disagree"},"4":{"Display":"Agree"},"5":{"Display":"Strongly agree"}},"ChoiceOrder":[1,2,3,4,5],"Validation":{"Settings":{"ForceResponse":"OFF","ForceResponseType":"ON","Type":"None"}},"GradingData":[],"Language":[],"NextChoiceId":6,"NextAnswerId":1,"QuestionText_Unsafe":"The phone screening was scheduled in a timely and efficient manner.","DataExportTag":"Q11","QuestionID":"QID1213989848"}},{"SurveyID":"SV_9Zky5mLCGk0koaq","Element":"SQ","PrimaryAttribute":"QID1213989843","SecondaryAttribute":"The questions asked during the screen\/interview(s) enabled me to illustrate my fit with the posit...","TertiaryAttribute":null,"Payload":{"QuestionText":"The questions asked during the screen\/interview(s) enabled me to illustrate my fit with the position.","QuestionType":"MC","Selector":"SAHR","SubSelector":"TX","DataVisibility":{"Private":false,"Hidden":false},"Configuration":{"QuestionDescriptionOption":"UseText","LabelPosition":"BELOW"},"QuestionDescription":"The questions asked during the screen\/interview(s) enabled me to illustrate my fit with the posit...","Choices":{"1":{"Display":"Strongly disagree"},"2":{"Display":"Disagree"},"3":{"Display":"Neither agree nor disagree"},"4":{"Display":"Agree"},"5":{"Display":"Strongly agree"}},"ChoiceOrder":[1,2,3,4,5],"Validation":{"Settings":{"ForceResponse":"OFF","ForceResponseType":"ON","Type":"None"}},"GradingData":[],"Language":[],"NextChoiceId":6,"NextAnswerId":1,"QuestionText_Unsafe":"The questions asked during the screen\/interview(s) enabled me to illustrate my fit with the position.","DataExportTag":"Q6","QuestionID":"QID1213989843"}},{"SurveyID":"SV_9Zky5mLCGk0koaq","Element":"SQ","PrimaryAttribute":"QID1213989836","SecondaryAttribute":"The technology used during the application was easy to use.","TertiaryAttribute":null,"Payload":{"QuestionText":"The technology used during the application was easy to use.","DefaultChoices":false,"QuestionType":"MC","Selector":"SAVR","SubSelector":"TX","DataVisibility":{"Private":false,"Hidden":false},"Configuration":{"QuestionDescriptionOption":"UseText","LabelPosition":"BELOW"},"QuestionDescription":"The technology used during the application was easy to use.","Choices":{"11":{"Display":"Strongly disagree"},"12":{"Display":"Disagree"},"13":{"Display":"Neither agree nor disagree"},"14":{"Display":"Agree"},"15":{"Display":"Strongly agree"}},"ChoiceOrder":["11","12","13","14","15"],"Validation":{"Settings":{"ForceResponse":"OFF","ForceResponseType":"ON","Type":"None"}},"GradingData":[],"Language":[],"NextChoiceId":16,"NextAnswerId":4,"QuestionText_Unsafe":"The technology used during the application was easy to use.","DataExportTag":"Q11","QuestionID":"QID1213989836"}},{"SurveyID":"SV_9Zky5mLCGk0koaq","Element":"SQ","PrimaryAttribute":"QID1","SecondaryAttribute":"This is the standard EX Candidate Experience template survey.","TertiaryAttribute":null,"Payload":{"QuestionText":"This is the standard EX Candidate Experience template survey.","DefaultChoices":false,"DataExportTag":"Q1","QuestionID":"QID1","QuestionType":"DB","Selector":"TB","Configuration":{"QuestionDescriptionOption":"UseText"},"QuestionDescription":"This is the standard EX Candidate Experience template survey.","ChoiceOrder":[],"Validation":{"Settings":{"Type":"None"}},"GradingData":[],"Language":[],"NextChoiceId":4,"NextAnswerId":1,"QuestionText_Unsafe":"This is the standard EX Candidate Experience template survey."}},{"SurveyID":"SV_9Zky5mLCGk0koaq","Element":"SQ","PrimaryAttribute":"QID1213989833","SecondaryAttribute":"To what extent did the application process meet your expectations?","TertiaryAttribute":null,"Payload":{"QuestionText":"To what extent did the application process meet your expectations?","DefaultChoices":false,"QuestionType":"MC","Selector":"SAVR","SubSelector":"TX","DataVisibility":{"Private":false,"Hidden":false},"Configuration":{"QuestionDescriptionOption":"UseText","LabelPosition":"BELOW"},"QuestionDescription":"To what extent did the application process meet your expectations?","Choices":{"1":{"Display":"Far below my expectations"},"2":{"Display":"Below my expectations"},"3":{"Display":"Met my expectations"},"4":{"Display":"Exceeded my expectations"},"5":{"Display":"Greatly exceeded my expectations"}},"ChoiceOrder":["1","2","3","4","5"],"Validation":{"Settings":{"ForceResponse":"OFF","ForceResponseType":"ON","Type":"None"}},"GradingData":[],"Language":[],"NextChoiceId":6,"NextAnswerId":4,"QuestionText_Unsafe":"To what extent did the application process meet your expectations?","DataExportTag":"Q8","QuestionID":"QID1213989833"}},{"SurveyID":"SV_9Zky5mLCGk0koaq","Element":"SQ","PrimaryAttribute":"QID1213989839","SecondaryAttribute":"To what extent did the screening process meet your expectations?","TertiaryAttribute":null,"Payload":{"QuestionText":"To what extent did the screening process meet your expectations?","DefaultChoices":false,"QuestionType":"MC","Selector":"SAHR","SubSelector":"TX","DataVisibility":{"Private":false,"Hidden":false},"Configuration":{"QuestionDescriptionOption":"UseText","LabelPosition":"BELOW"},"QuestionDescription":"To what extent did the screening process meet your expectations?","Choices":{"1":{"Display":"Far below my expectations"},"2":{"Display":"Below my expectations"},"3":{"Display":"Met my expectations"},"4":{"Display":"Exceeded my expectations"},"5":{"Display":"Greatly exceeded my expectations"}},"ChoiceOrder":["1","2","3","4","5"],"Validation":{"Settings":{"ForceResponse":"OFF","ForceResponseType":"ON","Type":"None"}},"GradingData":[],"Language":[],"NextChoiceId":6,"NextAnswerId":4,"QuestionText_Unsafe":"To what extent did the screening process meet your expectations?","DataExportTag":"Q2","QuestionID":"QID1213989839"}},{"SurveyID":"SV_9Zky5mLCGk0koaq","Element":"SQ","PrimaryAttribute":"QID1213989829","SecondaryAttribute":"What are the three most important factors to you in a new job? (Select up to three)","TertiaryAttribute":null,"Payload":{"QuestionText":"What are the three most important factors to you in a new job? (Select up to three)","DefaultChoices":false,"QuestionType":"MC","Selector":"MAVR","SubSelector":"TX","DataVisibility":{"Private":false,"Hidden":false},"Configuration":{"QuestionDescriptionOption":"UseText"},"QuestionDescription":"What are the three most important factors to you in a new job? (Select up to three)","Choices":{"1":{"Display":"Stability in the market"},"2":{"Display":"Diverse Leadership team"},"3":{"Display":"Good work-life balance"},"4":{"Display":"Good corporate social responsibility track record"},"5":{"Display":"Flexible working arrangements"},"6":{"Display":"Office Location"},"7":{"Display":"Strong reputation for products and services"},"8":{"Display":"Attractive compensation package"},"9":{"Display":"Good learning opportunities"},"10":{"Display":"Opportunity to do meaningful work"},"11":{"Display":"Working with great people"},"13":{"Display":"Other (please specify)","TextEntry":"true"}},"ChoiceOrder":["1","2","3","4","5","6","7","8","9","10","11","13"],"Validation":{"Settings":{"ForceResponse":"OFF","ForceResponseType":"ON","Type":"ChoiceRange","MinChoices":"1","MaxChoices":"3","CustomValidation":{"Logic":{"0":{"0":{"QuestionID":"QID1213989829","QuestionIsInLoop":"no","ChoiceLocator":"q:\/\/QID1213989829\/SelectedChoicesCount","Operator":"EqualTo","QuestionIDFromLocator":"QID1213989829","LeftOperand":"q:\/\/QID1213989829\/SelectedChoicesCount","RightOperand":"3","Type":"Expression","LogicType":"Question","Description":"<span class=\"ConjDesc\">If<\/span> <span class=\"QuestionDesc\">What are the three most important factors to you in a new job? (Select up to three)<\/span> <span class=\"LeftOpDesc\">q:\/\/QID3\/SelectedChoicesCount<\/span> <span class=\"OpDesc\">Is Equal to<\/span> <span class=\"RightOpDesc\"> 3 <\/span>"},"Type":"If"},"Type":"BooleanExpression"},"Message":{"messageID":null,"subMessageID":"VE_CUSTOM_VALIDATION_NO_MESSAGE","libraryID":null,"description":"No custom message specified"}}}},"GradingData":[],"Language":[],"NextChoiceId":14,"NextAnswerId":4,"QuestionText_Unsafe":"What are the three most important factors to you in a new job? (Select up to three)","DataExportTag":"Q3","QuestionID":"QID1213989829"}},{"SurveyID":"SV_9Zky5mLCGk0koaq","Element":"SQ","PrimaryAttribute":"QID3","SecondaryAttribute":"What is the highest level of education you have completed?","TertiaryAttribute":null,"Payload":{"ChoiceOrder":[1,2,3,4,5,6,7],"Choices":{"1":{"Display":"Some high school or less"},"2":{"Display":"High school diploma or GED"},"3":{"Display":"Some college, but no degree"},"4":{"Display":"Associates or technical degree"},"5":{"Display":"Bachelor\u2019s degree"},"6":{"Display":"Graduate or professional degree (MA, MS, MBA, PhD, JD, MD, DDS etc.)"},"7":{"Display":"Prefer not to say"}},"Configuration":{"QuestionDescriptionOption":"UseText"},"DataExportTag":"Q2","DefaultChoices":false,"Language":{"DE":{"Choices":{"1":{"Display":"High School oder weniger"},"2":{"Display":"High-School-Abschluss oder GED"},"3":{"Display":"Hochschule, aber ohne Abschluss"},"4":{"Display":"Associates oder technischer Abschluss"},"5":{"Display":"Bachelor-Abschluss"},"6":{"Display":"Hochschul- oder Fachabschluss (MA, MS, MBA, PhD, JD, MD, DDS usw.)"},"7":{"Display":"Keine Angabe"}},"QuestionText":"Was ist Ihre h\u00f6chste abgeschlossene Ausbildung?"},"EN-GB":{"Choices":{"1":{"Display":"Some high school or less"},"2":{"Display":"High school diploma or GED"},"3":{"Display":"Some college, but no degree"},"4":{"Display":"Associates or technical degree"},"5":{"Display":"Bachelor\u2019s degree"},"6":{"Display":"Graduate or professional degree (MA, MS, MBA, PhD, JD, MD, DDS etc.)"},"7":{"Display":"Prefer not to say"}},"QuestionText":"What is the highest level of education you have completed?"},"ES":{"Choices":{"1":{"Display":"Con cierta educaci\u00f3n secundaria o nivel educativo menor"},"2":{"Display":"Secundaria o GED"},"3":{"Display":"Con cierta educaci\u00f3n universitaria, pero sin t\u00edtulo"},"4":{"Display":"Diplomatura o grado t\u00e9cnico"},"5":{"Display":"Grado universitario"},"6":{"Display":"Licenciatura o t\u00edtulo profesional (MA, MS, MBA, PhD, JD, MD, DDS etc.)"},"7":{"Display":"Prefiero no decirlo"}},"QuestionText":"\u00bfCu\u00e1l es el nivel educativo m\u00e1s alto que ha alcanzado?"},"ES-ES":{"Choices":{"1":{"Display":"Escuela secundaria o inferior"},"2":{"Display":"Secundaria o GED"},"3":{"Display":"Estudios universitarios sin grado"},"4":{"Display":"T\u00edtulo de t\u00e9cnico o asociado"},"5":{"Display":"T\u00edtulo de licenciado"},"6":{"Display":"T\u00edtulo de graduado o profesional (MA, MS, MBA, PhD, JD, MD, DDS, etc.)"},"7":{"Display":"Prefiero no decirlo"}},"QuestionText":"\u00bfCu\u00e1l es el mayor nivel de estudios que ha finalizado?"},"FR":{"Choices":{"1":{"Display":"Une partie du lyc\u00e9e, ou moins"},"2":{"Display":"Baccalaur\u00e9at ou \u00e9quivalent baccalaur\u00e9at"},"3":{"Display":"Universit\u00e9 (sans dipl\u00f4me)"},"4":{"Display":"BTS"},"5":{"Display":"Licence"},"6":{"Display":"Master ou Doctorat (Master de lettres, Master en sciences, Master en gestion, Doctorat, Doctorat en droit, Doctorat en m\u00e9decine, Doctorat en divinit\u00e9, etc.)"},"7":{"Display":"Ne souhaite pas r\u00e9pondre"}},"QuestionText":"Quel est votre plus haut niveau d'\u00e9tudes\u00a0?"},"IT":{"Choices":{"1":{"Display":"Scuola superiore o inferiore"},"2":{"Display":"Diploma di scuola superiore o GED (attestato di esame finale)"},"3":{"Display":"Qualche anno al college, senza laurea"},"4":{"Display":"Diploma o diploma tecnico"},"5":{"Display":"Laurea di primo livello"},"6":{"Display":"Diploma di specializzazione o professionale (MA, MS, MBA, PhD, JD, MD, DDS, ecc.)"},"7":{"Display":"Preferisco non dirlo"}},"QuestionText":"Qual \u00e8 il pi\u00f9 elevato grado di istruzione che hai completato?"},"JA":{"Choices":{"1":{"Display":"\u9ad8\u6821\u5352\u3001\u307e\u305f\u306f\u305d\u308c\u4ee5\u4e0b"},"2":{"Display":"\u9ad8\u6821\u5352\u696d\u8cc7\u683c\u307e\u305f\u306fGED"},"3":{"Display":"\u5c02\u9580\u5b66\u6821\u5352\uff08\u5b66\u4f4d\u306a\u3057\uff09"},"4":{"Display":"\u6e96\u5b66\u4f4d\u307e\u305f\u306f\u6280\u8853\u7684\u306a\u5b66\u4f4d"},"5":{"Display":"\u5927\u5b66\u5352\uff08\u5b66\u58eb\uff09"},"6":{"Display":"\u5927\u5b66\u9662\u5352\u3001\u307e\u305f\u306f\u5c02\u9580\u8077\u5b66\u4f4d\uff08MA\u3001MS\u3001MBA\u3001PhD\u3001JD\u3001MD\u3001DDS\u306a\u3069\uff09"},"7":{"Display":"\u56de\u7b54\u3057\u305f\u304f\u306a\u3044"}},"QuestionText":"\u6700\u7d42\u5b66\u6b74\u3092\u6559\u3048\u3066\u304f\u3060\u3055\u3044\u3002"},"KO":{"Choices":{"1":{"Display":"\uace0\uad50 \uc911\ud1f4 \uc774\ud558"},"2":{"Display":"\uace0\uad50 \uc878\uc5c5 \ub610\ub294 GED"},"3":{"Display":"\ub300\ud559 \uc911\ud1f4, \ud559\uc704 \uc5c6\uc74c"},"4":{"Display":"\uc900\ud559\uc0ac \ub610\ub294 \uc804\ubb38\ub300\ud559 \ud559\uc704"},"5":{"Display":"\ud559\uc0ac \ud559\uc704"},"6":{"Display":"\uc11d\ubc15\uc0ac \ud559\uc704(MA, MS, MBA, PhD, JD, MD, DDS \ub4f1)"},"7":{"Display":"\uc5b8\uae09 \uc548 \ud568"}},"QuestionText":"\uadc0\ud558\uc758 \ucd5c\uc885 \ud559\ub825\uc740 \ubb34\uc5c7\uc785\ub2c8\uae4c?"},"NL":{"Choices":{"1":{"Display":"Tot voortgezet onderwijs of lager"},"2":{"Display":"Voorgezet onderwijs"},"3":{"Display":"Vervolgopleiding, geen diploma"},"4":{"Display":"Technisch diploma"},"5":{"Display":"Bachelor"},"6":{"Display":"Universitair diploma"},"7":{"Display":"Ik antwoord liever niet"}},"QuestionText":"Wat is het hoogste opleidingsniveau dat u heeft afgerond?"},"PT-BR":{"Choices":{"1":{"Display":"Ensino m\u00e9dio incompleto ou abaixo"},"2":{"Display":"Diploma do ensino m\u00e9dio ou GED"},"3":{"Display":"Ensino superior incompleto"},"4":{"Display":"Diploma de tecn\u00f3logo"},"5":{"Display":"Diploma de bacharelado"},"6":{"Display":"P\u00f3s-gradua\u00e7\u00e3o (MA, MS, MBA, PhD, JD, MD, DDS etc.)"},"7":{"Display":"Prefiro n\u00e3o dizer"}},"QuestionText":"Qual \u00e9 o n\u00edvel educacional mais elevado que voc\u00ea completou?"},"ZH-S":{"Choices":{"1":{"Display":"\u9ad8\u4e2d\u8084\u4e1a"},"2":{"Display":"\u9ad8\u4e2d\u6587\u51ed\u6216\u4e00\u822c\u540c\u7b49\u6587\u51ed"},"3":{"Display":"\u5927\u5b66\u8084\u4e1a\uff0c\u4f46\u65e0\u5b66\u4f4d"},"4":{"Display":"\u526f\u5b66\u58eb\u6216\u6280\u672f\u5b66\u4f4d"},"5":{"Display":"\u5b66\u58eb\u5b66\u4f4d"},"6":{"Display":"\u7855\u58eb\u6216\u4e13\u4e1a\u5b66\u4f4d\uff08\u6587\u5b66\u7855\u58eb\u3001\u7406\u5b66\u7855\u58eb\u3001\u5de5\u5546\u7ba1\u7406\u7855\u58eb\u3001\u54f2\u5b66\u535a\u58eb\u3001\u6cd5\u5b66\u535a\u58eb\u3001\u533b\u5b66\u535a\u58eb\u3001\u7259\u5916\u79d1\u5b66\u535a\u58eb\u7b49\uff09"},"7":{"Display":"\u4fdd\u5bc6"}},"QuestionText":"\u60a8\u7684\u6700\u9ad8\u6559\u80b2\u6c34\u5e73\u662f\u4ec0\u4e48\uff1f"},"ZH-T":{"Choices":{"1":{"Display":"\u9ad8\u4e2d\u8077\u6216\u4ee5\u4e0b"},"2":{"Display":"\u9ad8\u4e2d\u7562\u696d\u6216\u5177\u666e\u901a\u6559\u80b2\u767c\u5c55\u8b49\u66f8"},"3":{"Display":"\u5927\u5b78\u8084\u696d"},"4":{"Display":"\u526f\u5b78\u58eb\u6216\u5c08\u79d1\u6280\u8853\u5b78\u4f4d"},"5":{"Display":"\u5b78\u58eb\u5b78\u4f4d"},"6":{"Display":"\u7814\u7a76\u6240\u5b78\u4f4d (MA\u3001MS\u3001MBA\u3001PhD\u3001JD\u3001MD\u3001DDS \u7b49)"},"7":{"Display":"\u4e0d\u9858\u900f\u9732"}},"QuestionText":"\u60a8\u5df2\u5b8c\u6210\u7684\u6700\u9ad8\u5b78\u4f4d\u6216\u6559\u80b2\u7a0b\u5ea6\u70ba\u4f55\uff1f"}},"NextAnswerId":1,"NextChoiceId":8,"QuestionDescription":"What is the highest level of education you have completed?","QuestionID":"QID3","QuestionText":"What is the highest level of education you have completed?","QuestionText_Unsafe":"What is the highest level of education you have completed?","QuestionType":"MC","ReferenceQuestionConfig":{"instanceOf":{"id":"RQ_8CuVxX8axLXnzjh","version":"v2.0.0"}},"SchemaConfig":{"ChoiceMapping":{"1":"enu:\/\/SomeHighschool","2":"enu:\/\/HighSchool","3":"enu:\/\/SomeCollege","4":"enu:\/\/AssociatesDegree","5":"enu:\/\/BachelorsDegree","6":"enu:\/\/GraduateDegree","7":"enu:\/\/PreferNotToSay"},"ChoiceMappingType":"Member","ConfigVersion":"1.0.0","Reconfirm":true,"URL":"ses:\/\/USEducationLevel","XMDConnect":true},"Selector":"SAVR","SubSelector":"TX","Validation":{"Settings":{"ForceResponse":"OFF","Type":"None"}}}},{"SurveyID":"SV_9Zky5mLCGk0koaq","Element":"SQ","PrimaryAttribute":"QID1213989835","SecondaryAttribute":"What led you to apply for the role?","TertiaryAttribute":null,"Payload":{"QuestionText":"What led you to apply for the role?","DefaultChoices":false,"QuestionType":"MC","Selector":"MAVR","SubSelector":"TX","DataVisibility":{"Private":false,"Hidden":false},"Configuration":{"QuestionDescriptionOption":"UseText"},"QuestionDescription":"What led you to apply for the role?","Choices":{"1":{"Display":"I found the role on a job site (LinkedIn, Glassdoor, Indeed, etc.)"},"2":{"Display":"I know someone how works here"},"3":{"Display":"I was recommended to take a look at this company"},"4":{"Display":"I use this company's products and was curious about roles here"},"5":{"Display":"I was contacted by someone on the recruitment team"}},"ChoiceOrder":["1","2","3","4","5"],"Validation":{"Settings":{"ForceResponse":"OFF","ForceResponseType":"ON","Type":"None"}},"GradingData":[],"Language":[],"NextChoiceId":6,"NextAnswerId":4,"QuestionText_Unsafe":"What led you to apply for the role?","DataExportTag":"Q10","QuestionID":"QID1213989835"}},{"SurveyID":"SV_9Zky5mLCGk0koaq","Element":"SQ","PrimaryAttribute":"QID4","SecondaryAttribute":"What was your total household income before taxes during the past 12 months?","TertiaryAttribute":null,"Payload":{"ChoiceOrder":[1,2,3,4,5,6,7],"Choices":{"1":{"Display":"Less than $25,000"},"2":{"Display":"$25,000-$49,999"},"3":{"Display":"$50,000-$74,999"},"4":{"Display":"$75,000-$99,999"},"5":{"Display":"$100,000-$149,999"},"6":{"Display":"$150,000 or more"},"7":{"Display":"Prefer not to say"}},"Configuration":{"QuestionDescriptionOption":"UseText"},"DataExportTag":"Q3","DefaultChoices":false,"Language":{"DE":{"Choices":{"1":{"Display":"Unter 25.000 US-Dollar"},"2":{"Display":"25.000 - 49.999 Dollar"},"3":{"Display":"50.000 - 74.999 US-Dollar"},"4":{"Display":"75.000 - 99.999 US-Dollar"},"5":{"Display":"100.000 - 149.999 US-Dollar"},"6":{"Display":"150.000 US-Dollar oder mehr"},"7":{"Display":"Keine Angabe"}},"QuestionText":"Wie hoch war das Gesamteinkommen Ihres Haushalts vor Steuern in den letzten 12 Monaten?"},"EN-GB":{"Choices":{"1":{"Display":"Less than $25,000"},"2":{"Display":"$25,000-$49,999"},"3":{"Display":"$50,000-$74,999"},"4":{"Display":"$75,000-$99,999"},"5":{"Display":"$100,000-$149,999"},"6":{"Display":"$150,000 or more"},"7":{"Display":"Prefer not to say"}},"QuestionText":"What was your total household income before taxes during the past 12 months?"},"ES":{"Choices":{"1":{"Display":"Menos de 25.000 d\u00f3lares"},"2":{"Display":"25.000 - 49.999 d\u00f3lares"},"3":{"Display":"Entre 50.000 y 74.999 d\u00f3lares"},"4":{"Display":"Entre 75.000 y 99.999 d\u00f3lares"},"5":{"Display":"Entre 100.000 y 149.999 d\u00f3lares"},"6":{"Display":"150.000 d\u00f3lares o m\u00e1s"},"7":{"Display":"Prefiero no decirlo"}},"QuestionText":"\u00bfA cu\u00e1nto ascienden sus ingresos dom\u00e9sticos totales antes de impuestos de los \u00faltimos 12 meses?"},"ES-ES":{"Choices":{"1":{"Display":"Menos de 25 000 USD"},"2":{"Display":"25 000-49 999 USD"},"3":{"Display":"50 000-74 999 USD"},"4":{"Display":"75 000-99 999 USD"},"5":{"Display":"100 000-149 999 USD"},"6":{"Display":"150 000 USD o m\u00e1s"},"7":{"Display":"Prefiero no decirlo"}},"QuestionText":"\u00bfCu\u00e1les fueron los ingresos brutos anuales de su hogar durante los \u00faltimos 12 meses?"},"FR":{"Choices":{"1":{"Display":"Moins de 25\u00a0000\u00a0$"},"2":{"Display":"25\u00a0000\u00a0$-49\u00a0999\u00a0$"},"3":{"Display":"50\u00a0000\u00a0\u20ac-74\u00a0999\u00a0\u20ac"},"4":{"Display":"75\u00a0000\u00a0\u20ac-99\u00a0999\u00a0\u20ac"},"5":{"Display":"100\u00a0000\u00a0\u20ac-149\u00a0999\u00a0\u20ac"},"6":{"Display":"150\u00a0000\u00a0\u20ac ou plus"},"7":{"Display":"Ne souhaite pas r\u00e9pondre"}},"QuestionText":"Quel \u00e9tait le revenu total de votre m\u00e9nage (avant imp\u00f4t) au cours des 12\u00a0derniers mois\u00a0?"},"IT":{"Choices":{"1":{"Display":"Inferiore a $ 25.000"},"2":{"Display":"25.000 $ - 49.999 $"},"3":{"Display":"50.000 $ - 74.999 $"},"4":{"Display":"75.000 $ -99.999 $"},"5":{"Display":"100.000 $ - 149.999 $"},"6":{"Display":"$150.000 o superiore"},"7":{"Display":"Preferisco non dirlo"}},"QuestionText":"Qual \u00e8 stato il tuo reddito familiare complessivo prima delle tasse durante gli ultimi 12 mesi?"},"JA":{"Choices":{"1":{"Display":"$25,000\u672a\u6e80"},"2":{"Display":"$25,000\u304b\u3089$49,999"},"3":{"Display":"$50,000\u304b\u3089$74,999"},"4":{"Display":"$75,000\u304b\u3089$99,999"},"5":{"Display":"$100,000\u304b\u3089$149,999"},"6":{"Display":"$150,000\u4ee5\u4e0a"},"7":{"Display":"\u56de\u7b54\u3057\u305f\u304f\u306a\u3044"}},"QuestionText":"\u904e\u53bb12\u30ab\u6708\u9593\u306e\u5408\u8a08\u4e16\u5e2f\u53ce\u5165\uff08\u7a0e\u8fbc\u307f\uff09\u3092\u304a\u7b54\u3048\u304f\u3060\u3055\u3044\u3002"},"KO":{"Choices":{"1":{"Display":"$25,000 \ubbf8\ub9cc"},"2":{"Display":"$25,000~$49,999"},"3":{"Display":"$50,000~$74,999"},"4":{"Display":"$75,000~$99,999"},"5":{"Display":"$100,000~$149,999"},"6":{"Display":"$150,000 \uc774\uc0c1"},"7":{"Display":"\uc5b8\uae09 \uc548 \ud568"}},"QuestionText":"\uc9c0\ub09c 12\uac1c\uc6d4 \ub3d9\uc548 \uadc0\ud558\uc758 \uc138\uc804 \ucd1d \uac00\uacc4\uc18c\ub4dd\uc740 \uc5bc\ub9c8\uc785\ub2c8\uae4c?"},"NL":{"Choices":{"1":{"Display":"Minder dan $ 25.000"},"2":{"Display":"$ 25.000 - $ 49.999"},"3":{"Display":"$50.000 - $74.999"},"4":{"Display":"$75.000 - $99.999"},"5":{"Display":"$100.000 - $149.999"},"6":{"Display":"$ 150.000 of meer"},"7":{"Display":"Ik antwoord liever niet"}},"QuestionText":"Wat was uw totale bruto gezinsinkomen in de afgelopen twaalf maanden?"},"PT-BR":{"Choices":{"1":{"Display":"Menos de US$ 25.000"},"2":{"Display":"$25.000-$49.999"},"3":{"Display":"US$ 50.000 a US$ 74.999"},"4":{"Display":"US$ 75.000 a US$ 99.999"},"5":{"Display":"US$ 100.000 a US$ 149.999"},"6":{"Display":"$150.000 ou mais"},"7":{"Display":"Prefiro n\u00e3o dizer"}},"QuestionText":"Qual foi sua renda familiar total sem impostos nos \u00faltimos 12 meses?"},"ZH-S":{"Choices":{"1":{"Display":"\u4f4e\u4e8e $25,000"},"2":{"Display":"$25,000-$49,999"},"3":{"Display":"$50,000-$74,999"},"4":{"Display":"$75,000-$99,999"},"5":{"Display":"$100,000-$149,999"},"6":{"Display":"$150,000 \u6216\u4ee5\u4e0a"},"7":{"Display":"\u4fdd\u5bc6"}},"QuestionText":"\u60a8\u8fc7\u53bb 12 \u4e2a\u6708\u7684\u7a0e\u524d\u5bb6\u5ead\u603b\u6536\u5165\u662f\u591a\u5c11\uff1f"},"ZH-T":{"Choices":{"1":{"Display":"\u4f4e\u65bc 25,000 \u7f8e\u5143"},"2":{"Display":"$25,000-$49,999"},"3":{"Display":"50,000 - 74,999 \u7f8e\u5143"},"4":{"Display":"75,000 - 99,999 \u7f8e\u5143"},"5":{"Display":"100,000 - 149,999 \u7f8e\u5143"},"6":{"Display":"150,000 \u7f8e\u5143\u4ee5\u4e0a"},"7":{"Display":"\u4e0d\u9858\u900f\u9732"}},"QuestionText":"\u60a8\u904e\u53bb 12 \u500b\u6708\u7684\u7a05\u524d\u5bb6\u5ead\u7e3d\u6536\u5165\u662f\uff1f"}},"NextAnswerId":1,"NextChoiceId":8,"QuestionDescription":"What was your total household income before taxes during the past 12 months?","QuestionID":"QID4","QuestionText":"What was your total household income before taxes during the past 12 months?","QuestionText_Unsafe":"What was your total household income before taxes during the past 12 months?","QuestionType":"MC","ReferenceQuestionConfig":{"instanceOf":{"id":"RQ_kBhs7rYMvAEDPS8","version":"v2.0.0"}},"SchemaConfig":{"ChoiceMapping":{"1":"enu:\/\/LessThan25000","2":"enu:\/\/25000-49999","3":"enu:\/\/50000-74999","4":"enu:\/\/75000-99999","5":"enu:\/\/100000-149999","6":"enu:\/\/150000AndGreater","7":"enu:\/\/PreferNotToSay"},"ChoiceMappingType":"Member","ConfigVersion":"1.0.0","Reconfirm":true,"URL":"ses:\/\/IncomeLevel","XMDConnect":true},"Selector":"SAVR","SubSelector":"TX","Validation":{"Settings":{"ForceResponse":"OFF","Type":"None"}}}},{"SurveyID":"SV_9Zky5mLCGk0koaq","Element":"SQ","PrimaryAttribute":"QID1213989831","SecondaryAttribute":"Would you like to provide any other feedback about our career site?","TertiaryAttribute":null,"Payload":{"QuestionText":"Would you like to provide any other feedback about our career site?","DefaultChoices":false,"QuestionType":"TE","Selector":"ESTB","DataVisibility":{"Private":false,"Hidden":false},"Configuration":{"QuestionDescriptionOption":"UseText"},"QuestionDescription":"Would you like to provide any other feedback about our career site?","Validation":{"Settings":{"ForceResponse":"OFF","ForceResponseType":"ON","Type":"None"}},"GradingData":[],"Language":[],"NextChoiceId":4,"NextAnswerId":4,"SearchSource":{"AllowFreeResponse":"false"},"QuestionText_Unsafe":"Would you like to provide any other feedback about our career site?","DataExportTag":"Q12","QuestionID":"QID1213989831"}},{"SurveyID":"SV_9Zky5mLCGk0koaq","Element":"SQ","PrimaryAttribute":"QID1213989837","SecondaryAttribute":"Would you like to provide any other feedback about the application process?","TertiaryAttribute":null,"Payload":{"QuestionText":"Would you like to provide any other feedback about the application process?","DefaultChoices":false,"QuestionType":"TE","Selector":"ESTB","DataVisibility":{"Private":false,"Hidden":false},"Configuration":{"QuestionDescriptionOption":"UseText"},"QuestionDescription":"Would you like to provide any other feedback about the application process?","Validation":{"Settings":{"ForceResponse":"OFF","ForceResponseType":"ON","Type":"None"}},"GradingData":[],"Language":[],"NextChoiceId":4,"NextAnswerId":4,"SearchSource":{"AllowFreeResponse":"false"},"QuestionText_Unsafe":"Would you like to provide any other feedback about the application process?","DataExportTag":"Q13","QuestionID":"QID1213989837"}},{"SurveyID":"SV_9Zky5mLCGk0koaq","Element":"SQ","PrimaryAttribute":"QID1213989849","SecondaryAttribute":"Would you like to provide any other feedback about the screening process?","TertiaryAttribute":null,"Payload":{"QuestionText":"Would you like to provide any other feedback about the screening process?","DefaultChoices":false,"QuestionType":"TE","Selector":"ESTB","DataVisibility":{"Private":false,"Hidden":false},"Configuration":{"QuestionDescriptionOption":"UseText"},"QuestionDescription":"Would you like to provide any other feedback about the screening process?","Validation":{"Settings":{"ForceResponse":"OFF","ForceResponseType":"ON","Type":"None"}},"GradingData":[],"Language":[],"NextChoiceId":4,"NextAnswerId":4,"SearchSource":{"AllowFreeResponse":"false"},"QuestionText_Unsafe":"Would you like to provide any other feedback about the screening process?","DataExportTag":"Q12","QuestionID":"QID1213989849"}}]}